
Microsoft Visual Studio Solution File, Format Version 11.00
# Visual Studio 2010
Project("{FAE04EC0-301F-11D3-BF4B-00C04F79EFBC}") = "Refactored GJK", "Assembly-CSharp.csproj", "{434C0169-8059-5004-2C82-D941E5FADD7E}"
EndProject
Global
	GlobalSection(SolutionConfigurationPlatforms) = preSolution
		Debug|Any CPU = Debug|Any CPU
		Release|Any CPU = Release|Any CPU
	EndGlobalSection
	GlobalSection(ProjectConfigurationPlatforms) = postSolution
		{434C0169-8059-5004-2C82-D941E5FADD7E}.Debug|Any CPU.ActiveCfg = Debug|Any CPU
		{434C0169-8059-5004-2C82-D941E5FADD7E}.Debug|Any CPU.Build.0 = Debug|Any CPU
		{434C0169-8059-5004-2C82-D941E5FADD7E}.Release|Any CPU.ActiveCfg = Release|Any CPU
		{434C0169-8059-5004-2C82-D941E5FADD7E}.Release|Any CPU.Build.0 = Release|Any CPU
	EndGlobalSection
	GlobalSection(SolutionProperties) = preSolution
		HideSolutionNode = FALSE
	EndGlobalSection
	GlobalSection(MonoDevelopProperties) = preSolution
		StartupItem = Assembly-CSharp.csproj
	EndGlobalSection
EndGlobal
